// !$*UTF8*$!
{
	archiveVersion = 1;
	classes = {
	};
	objectVersion = 46;
	objects = {

/* Begin PBXBuildFile section */
		130102B91CF2653A00407A4A /* Tiger.swift in Sources */ = {isa = PBXBuildFile; fileRef = 130102B81CF2653A00407A4A /* Tiger.swift */; };
		131F2F121CEE7A77003858CD /* BodyStatistics .swift in Sources */ = {isa = PBXBuildFile; fileRef = 131F2F111CEE7A77003858CD /* BodyStatistics .swift */; };
		131F2F141CEE7C6B003858CD /* PersonalInformation.swift in Sources */ = {isa = PBXBuildFile; fileRef = 131F2F131CEE7C6B003858CD /* PersonalInformation.swift */; };
		1335CCE11CE53ED400F10B44 /* Animal.swift in Sources */ = {isa = PBXBuildFile; fileRef = 1335CCE01CE53ED400F10B44 /* Animal.swift */; };
		1353ADCE1CDFB09B00AFE20B /* Penguin.swift in Sources */ = {isa = PBXBuildFile; fileRef = 1353ADCD1CDFB09B00AFE20B /* Penguin.swift */; };
		13ED31D21CDB13FB00C9BE5F /* AppDelegate.swift in Sources */ = {isa = PBXBuildFile; fileRef = 13ED31D11CDB13FB00C9BE5F /* AppDelegate.swift */; };
		13ED31D41CDB13FB00C9BE5F /* ViewController.swift in Sources */ = {isa = PBXBuildFile; fileRef = 13ED31D31CDB13FB00C9BE5F /* ViewController.swift */; };
		13ED31D71CDB13FB00C9BE5F /* Main.storyboard in Resources */ = {isa = PBXBuildFile; fileRef = 13ED31D51CDB13FB00C9BE5F /* Main.storyboard */; };
		13ED31DA1CDB13FB00C9BE5F /* A_Trip_to_the_Zoo.xcdatamodeld in Sources */ = {isa = PBXBuildFile; fileRef = 13ED31D81CDB13FB00C9BE5F /* A_Trip_to_the_Zoo.xcdatamodeld */; };
		13ED31DC1CDB13FB00C9BE5F /* Assets.xcassets in Resources */ = {isa = PBXBuildFile; fileRef = 13ED31DB1CDB13FB00C9BE5F /* Assets.xcassets */; };
		13ED31DF1CDB13FB00C9BE5F /* LaunchScreen.storyboard in Resources */ = {isa = PBXBuildFile; fileRef = 13ED31DD1CDB13FB00C9BE5F /* LaunchScreen.storyboard */; };
		13ED31EA1CDB13FB00C9BE5F /* A_Trip_to_the_ZooTests.swift in Sources */ = {isa = PBXBuildFile; fileRef = 13ED31E91CDB13FB00C9BE5F /* A_Trip_to_the_ZooTests.swift */; };
		13ED31F51CDB13FB00C9BE5F /* A_Trip_to_the_ZooUITests.swift in Sources */ = {isa = PBXBuildFile; fileRef = 13ED31F41CDB13FB00C9BE5F /* A_Trip_to_the_ZooUITests.swift */; };
/* End PBXBuildFile section */

/* Begin PBXContainerItemProxy section */
		13ED31E61CDB13FB00C9BE5F /* PBXContainerItemProxy */ = {
			isa = PBXContainerItemProxy;
			containerPortal = 13ED31C61CDB13FB00C9BE5F /* Project object */;
			proxyType = 1;
			remoteGlobalIDString = 13ED31CD1CDB13FB00C9BE5F;
			remoteInfo = "A Trip to the Zoo";
		};
		13ED31F11CDB13FB00C9BE5F /* PBXContainerItemProxy */ = {
			isa = PBXContainerItemProxy;
			containerPortal = 13ED31C61CDB13FB00C9BE5F /* Project object */;
			proxyType = 1;
			remoteGlobalIDString = 13ED31CD1CDB13FB00C9BE5F;
			remoteInfo = "A Trip to the Zoo";
		};
/* End PBXContainerItemProxy section */

/* Begin PBXFileReference section */
		130102B81CF2653A00407A4A /* Tiger.swift */ = {isa = PBXFileReference; fileEncoding = 4; lastKnownFileType = sourcecode.swift; path = Tiger.swift; sourceTree = "<group>"; };
		131F2F111CEE7A77003858CD /* BodyStatistics .swift */ = {isa = PBXFileReference; fileEncoding = 4; lastKnownFileType = sourcecode.swift; path = "BodyStatistics .swift"; sourceTree = "<group>"; };
		131F2F131CEE7C6B003858CD /* PersonalInformation.swift */ = {isa = PBXFileReference; fileEncoding = 4; lastKnownFileType = sourcecode.swift; path = PersonalInformation.swift; sourceTree = "<group>"; };
		1335CCE01CE53ED400F10B44 /* Animal.swift */ = {isa = PBXFileReference; fileEncoding = 4; lastKnownFileType = sourcecode.swift; path = Animal.swift; sourceTree = "<group>"; };
		1353ADCD1CDFB09B00AFE20B /* Penguin.swift */ = {isa = PBXFileReference; fileEncoding = 4; lastKnownFileType = sourcecode.swift; path = Penguin.swift; sourceTree = "<group>"; };
		13ED31CE1CDB13FB00C9BE5F /* A Trip to the Zoo.app */ = {isa = PBXFileReference; explicitFileType = wrapper.application; includeInIndex = 0; path = "A Trip to the Zoo.app"; sourceTree = BUILT_PRODUCTS_DIR; };
		13ED31D11CDB13FB00C9BE5F /* AppDelegate.swift */ = {isa = PBXFileReference; lastKnownFileType = sourcecode.swift; path = AppDelegate.swift; sourceTree = "<group>"; };
		13ED31D31CDB13FB00C9BE5F /* ViewController.swift */ = {isa = PBXFileReference; lastKnownFileType = sourcecode.swift; path = ViewController.swift; sourceTree = "<group>"; };
		13ED31D61CDB13FB00C9BE5F /* Base */ = {isa = PBXFileReference; lastKnownFileType = file.storyboard; name = Base; path = Base.lproj/Main.storyboard; sourceTree = "<group>"; };
		13ED31D91CDB13FB00C9BE5F /* A_Trip_to_the_Zoo.xcdatamodel */ = {isa = PBXFileReference; lastKnownFileType = wrapper.xcdatamodel; path = A_Trip_to_the_Zoo.xcdatamodel; sourceTree = "<group>"; };
		13ED31DB1CDB13FB00C9BE5F /* Assets.xcassets */ = {isa = PBXFileReference; lastKnownFileType = folder.assetcatalog; path = Assets.xcassets; sourceTree = "<group>"; };
		13ED31DE1CDB13FB00C9BE5F /* Base */ = {isa = PBXFileReference; lastKnownFileType = file.storyboard; name = Base; path = Base.lproj/LaunchScreen.storyboard; sourceTree = "<group>"; };
		13ED31E01CDB13FB00C9BE5F /* Info.plist */ = {isa = PBXFileReference; lastKnownFileType = text.plist.xml; path = Info.plist; sourceTree = "<group>"; };
		13ED31E51CDB13FB00C9BE5F /* A Trip to the ZooTests.xctest */ = {isa = PBXFileReference; explicitFileType = wrapper.cfbundle; includeInIndex = 0; path = "A Trip to the ZooTests.xctest"; sourceTree = BUILT_PRODUCTS_DIR; };
		13ED31E91CDB13FB00C9BE5F /* A_Trip_to_the_ZooTests.swift */ = {isa = PBXFileReference; lastKnownFileType = sourcecode.swift; path = A_Trip_to_the_ZooTests.swift; sourceTree = "<group>"; };
		13ED31EB1CDB13FB00C9BE5F /* Info.plist */ = {isa = PBXFileReference; lastKnownFileType = text.plist.xml; path = Info.plist; sourceTree = "<group>"; };
		13ED31F01CDB13FB00C9BE5F /* A Trip to the ZooUITests.xctest */ = {isa = PBXFileReference; explicitFileType = wrapper.cfbundle; includeInIndex = 0; path = "A Trip to the ZooUITests.xctest"; sourceTree = BUILT_PRODUCTS_DIR; };
		13ED31F41CDB13FB00C9BE5F /* A_Trip_to_the_ZooUITests.swift */ = {isa = PBXFileReference; lastKnownFileType = sourcecode.swift; path = A_Trip_to_the_ZooUITests.swift; sourceTree = "<group>"; };
		13ED31F61CDB13FB00C9BE5F /* Info.plist */ = {isa = PBXFileReference; lastKnownFileType = text.plist.xml; path = Info.plist; sourceTree = "<group>"; };
/* End PBXFileReference section */

/* Begin PBXFrameworksBuildPhase section */
		13ED31CB1CDB13FB00C9BE5F /* Frameworks */ = {
			isa = PBXFrameworksBuildPhase;
			buildActionMask = 2147483647;
			files = (
			);
			runOnlyForDeploymentPostprocessing = 0;
		};
		13ED31E21CDB13FB00C9BE5F /* Frameworks */ = {
			isa = PBXFrameworksBuildPhase;
			buildActionMask = 2147483647;
			files = (
			);
			runOnlyForDeploymentPostprocessing = 0;
		};
		13ED31ED1CDB13FB00C9BE5F /* Frameworks */ = {
			isa = PBXFrameworksBuildPhase;
			buildActionMask = 2147483647;
			files = (
			);
			runOnlyForDeploymentPostprocessing = 0;
		};
/* End PBXFrameworksBuildPhase section */

/* Begin PBXGroup section */
		1353ADCC1CDFB07500AFE20B /* Model */ = {
			isa = PBXGroup;
			children = (
				1353ADCD1CDFB09B00AFE20B /* Penguin.swift */,
				131F2F111CEE7A77003858CD /* BodyStatistics .swift */,
				1335CCE01CE53ED400F10B44 /* Animal.swift */,
				131F2F131CEE7C6B003858CD /* PersonalInformation.swift */,
				130102B81CF2653A00407A4A /* Tiger.swift */,
			);
			name = Model;
			sourceTree = "<group>";
		};
		13ED31C51CDB13FB00C9BE5F = {
			isa = PBXGroup;
			children = (
				13ED31D01CDB13FB00C9BE5F /* A Trip to the Zoo */,
				13ED31E81CDB13FB00C9BE5F /* A Trip to the ZooTests */,
				13ED31F31CDB13FB00C9BE5F /* A Trip to the ZooUITests */,
				13ED31CF1CDB13FB00C9BE5F /* Products */,
			);
			sourceTree = "<group>";
		};
		13ED31CF1CDB13FB00C9BE5F /* Products */ = {
			isa = PBXGroup;
			children = (
				13ED31CE1CDB13FB00C9BE5F /* A Trip to the Zoo.app */,
				13ED31E51CDB13FB00C9BE5F /* A Trip to the ZooTests.xctest */,
				13ED31F01CDB13FB00C9BE5F /* A Trip to the ZooUITests.xctest */,
			);
			name = Products;
			sourceTree = "<group>";
		};
		13ED31D01CDB13FB00C9BE5F /* A Trip to the Zoo */ = {
			isa = PBXGroup;
			children = (
				13ED31D11CDB13FB00C9BE5F /* AppDelegate.swift */,
				13ED31D31CDB13FB00C9BE5F /* ViewController.swift */,
				1353ADCC1CDFB07500AFE20B /* Model */,
				13ED31D51CDB13FB00C9BE5F /* Main.storyboard */,
				13ED31DB1CDB13FB00C9BE5F /* Assets.xcassets */,
				13ED31DD1CDB13FB00C9BE5F /* LaunchScreen.storyboard */,
				13ED31E01CDB13FB00C9BE5F /* Info.plist */,
				13ED31D81CDB13FB00C9BE5F /* A_Trip_to_the_Zoo.xcdatamodeld */,
			);
			path = "A Trip to the Zoo";
			sourceTree = "<group>";
		};
		13ED31E81CDB13FB00C9BE5F /* A Trip to the ZooTests */ = {
			isa = PBXGroup;
			children = (
				13ED31E91CDB13FB00C9BE5F /* A_Trip_to_the_ZooTests.swift */,
				13ED31EB1CDB13FB00C9BE5F /* Info.plist */,
			);
			path = "A Trip to the ZooTests";
			sourceTree = "<group>";
		};
		13ED31F31CDB13FB00C9BE5F /* A Trip to the ZooUITests */ = {
			isa = PBXGroup;
			children = (
				13ED31F41CDB13FB00C9BE5F /* A_Trip_to_the_ZooUITests.swift */,
				13ED31F61CDB13FB00C9BE5F /* Info.plist */,
			);
			path = "A Trip to the ZooUITests";
			sourceTree = "<group>";
		};
/* End PBXGroup section */

/* Begin PBXNativeTarget section */
		13ED31CD1CDB13FB00C9BE5F /* A Trip to the Zoo */ = {
			isa = PBXNativeTarget;
			buildConfigurationList = 13ED31F91CDB13FB00C9BE5F /* Build configuration list for PBXNativeTarget "A Trip to the Zoo" */;
			buildPhases = (
				13ED31CA1CDB13FB00C9BE5F /* Sources */,
				13ED31CB1CDB13FB00C9BE5F /* Frameworks */,
				13ED31CC1CDB13FB00C9BE5F /* Resources */,
			);
			buildRules = (
			);
			dependencies = (
			);
			name = "A Trip to the Zoo";
			productName = "A Trip to the Zoo";
			productReference = 13ED31CE1CDB13FB00C9BE5F /* A Trip to the Zoo.app */;
			productType = "com.apple.product-type.application";
		};
		13ED31E41CDB13FB00C9BE5F /* A Trip to the ZooTests */ = {
			isa = PBXNativeTarget;
			buildConfigurationList = 13ED31FC1CDB13FB00C9BE5F /* Build configuration list for PBXNativeTarget "A Trip to the ZooTests" */;
			buildPhases = (
				13ED31E11CDB13FB00C9BE5F /* Sources */,
				13ED31E21CDB13FB00C9BE5F /* Frameworks */,
				13ED31E31CDB13FB00C9BE5F /* Resources */,
			);
			buildRules = (
			);
			dependencies = (
				13ED31E71CDB13FB00C9BE5F /* PBXTargetDependency */,
			);
			name = "A Trip to the ZooTests";
			productName = "A Trip to the ZooTests";
			productReference = 13ED31E51CDB13FB00C9BE5F /* A Trip to the ZooTests.xctest */;
			productType = "com.apple.product-type.bundle.unit-test";
		};
		13ED31EF1CDB13FB00C9BE5F /* A Trip to the ZooUITests */ = {
			isa = PBXNativeTarget;
			buildConfigurationList = 13ED31FF1CDB13FB00C9BE5F /* Build configuration list for PBXNativeTarget "A Trip to the ZooUITests" */;
			buildPhases = (
				13ED31EC1CDB13FB00C9BE5F /* Sources */,
				13ED31ED1CDB13FB00C9BE5F /* Frameworks */,
				13ED31EE1CDB13FB00C9BE5F /* Resources */,
			);
			buildRules = (
			);
			dependencies = (
				13ED31F21CDB13FB00C9BE5F /* PBXTargetDependency */,
			);
			name = "A Trip to the ZooUITests";
			productName = "A Trip to the ZooUITests";
			productReference = 13ED31F01CDB13FB00C9BE5F /* A Trip to the ZooUITests.xctest */;
			productType = "com.apple.product-type.bundle.ui-testing";
		};
/* End PBXNativeTarget section */

/* Begin PBXProject section */
		13ED31C61CDB13FB00C9BE5F /* Project object */ = {
			isa = PBXProject;
			attributes = {
				LastSwiftUpdateCheck = 0730;
				LastUpgradeCheck = 0730;
				ORGANIZATIONNAME = self.edu;
				TargetAttributes = {
					13ED31CD1CDB13FB00C9BE5F = {
						CreatedOnToolsVersion = 7.3;
						DevelopmentTeam = RY4LKVN272;
					};
					13ED31E41CDB13FB00C9BE5F = {
						CreatedOnToolsVersion = 7.3;
						TestTargetID = 13ED31CD1CDB13FB00C9BE5F;
					};
					13ED31EF1CDB13FB00C9BE5F = {
						CreatedOnToolsVersion = 7.3;
						TestTargetID = 13ED31CD1CDB13FB00C9BE5F;
					};
				};
			};
			buildConfigurationList = 13ED31C91CDB13FB00C9BE5F /* Build configuration list for PBXProject "A Trip to the Zoo" */;
			compatibilityVersion = "Xcode 3.2";
			developmentRegion = English;
			hasScannedForEncodings = 0;
			knownRegions = (
				en,
				Base,
			);
			mainGroup = 13ED31C51CDB13FB00C9BE5F;
			productRefGroup = 13ED31CF1CDB13FB00C9BE5F /* Products */;
			projectDirPath = "";
			projectRoot = "";
			targets = (
				13ED31CD1CDB13FB00C9BE5F /* A Trip to the Zoo */,
				13ED31E41CDB13FB00C9BE5F /* A Trip to the ZooTests */,
				13ED31EF1CDB13FB00C9BE5F /* A Trip to the ZooUITests */,
			);
		};
/* End PBXProject section */

/* Begin PBXResourcesBuildPhase section */
		13ED31CC1CDB13FB00C9BE5F /* Resources */ = {
			isa = PBXResourcesBuildPhase;
			buildActionMask = 2147483647;
			files = (
				13ED31DF1CDB13FB00C9BE5F /* LaunchScreen.storyboard in Resources */,
				13ED31DC1CDB13FB00C9BE5F /* Assets.xcassets in Resources */,
				13ED31D71CDB13FB00C9BE5F /* Main.storyboard in Resources */,
			);
			runOnlyForDeploymentPostprocessing = 0;
		};
		13ED31E31CDB13FB00C9BE5F /* Resources */ = {
			isa = PBXResourcesBuildPhase;
			buildActionMask = 2147483647;
			files = (
			);
			runOnlyForDeploymentPostprocessing = 0;
		};
		13ED31EE1CDB13FB00C9BE5F /* Resources */ = {
			isa = PBXResourcesBuildPhase;
			buildActionMask = 2147483647;
			files = (
			);
			runOnlyForDeploymentPostprocessing = 0;
		};
/* End PBXResourcesBuildPhase section */

/* Begin PBXSourcesBuildPhase section */
		13ED31CA1CDB13FB00C9BE5F /* Sources */ = {
			isa = PBXSourcesBuildPhase;
			buildActionMask = 2147483647;
			files = (
				13ED31D41CDB13FB00C9BE5F /* ViewController.swift in Sources */,
				130102B91CF2653A00407A4A /* Tiger.swift in Sources */,
				13ED31DA1CDB13FB00C9BE5F /* A_Trip_to_the_Zoo.xcdatamodeld in Sources */,
				1353ADCE1CDFB09B00AFE20B /* Penguin.swift in Sources */,
				13ED31D21CDB13FB00C9BE5F /* AppDelegate.swift in Sources */,
				1335CCE11CE53ED400F10B44 /* Animal.swift in Sources */,
				131F2F121CEE7A77003858CD /* BodyStatistics .swift in Sources */,
				131F2F141CEE7C6B003858CD /* PersonalInformation.swift in Sources */,
			);
			runOnlyForDeploymentPostprocessing = 0;
		};
		13ED31E11CDB13FB00C9BE5F /* Sources */ = {
			isa = PBXSourcesBuildPhase;
			buildActionMask = 2147483647;
			files = (
				13ED31EA1CDB13FB00C9BE5F /* A_Trip_to_the_ZooTests.swift in Sources */,
			);
			runOnlyForDeploymentPostprocessing = 0;
		};
		13ED31EC1CDB13FB00C9BE5F /* Sources */ = {
			isa = PBXSourcesBuildPhase;
			buildActionMask = 2147483647;
			files = (
				13ED31F51CDB13FB00C9BE5F /* A_Trip_to_the_ZooUITests.swift in Sources */,
			);
			runOnlyForDeploymentPostprocessing = 0;
		};
/* End PBXSourcesBuildPhase section */

/* Begin PBXTargetDependency section */
		13ED31E71CDB13FB00C9BE5F /* PBXTargetDependency */ = {
			isa = PBXTargetDependency;
			target = 13ED31CD1CDB13FB00C9BE5F /* A Trip to the Zoo */;
			targetProxy = 13ED31E61CDB13FB00C9BE5F /* PBXContainerItemProxy */;
		};
		13ED31F21CDB13FB00C9BE5F /* PBXTargetDependency */ = {
			isa = PBXTargetDependency;
			target = 13ED31CD1CDB13FB00C9BE5F /* A Trip to the Zoo */;
			targetProxy = 13ED31F11CDB13FB00C9BE5F /* PBXContainerItemProxy */;
		};
/* End PBXTargetDependency section */

/* Begin PBXVariantGroup section */
		13ED31D51CDB13FB00C9BE5F /* Main.storyboard */ = {
			isa = PBXVariantGroup;
			children = (
				13ED31D61CDB13FB00C9BE5F /* Base */,
			);
			name = Main.storyboard;
			sourceTree = "<group>";
		};
		13ED31DD1CDB13FB00C9BE5F /* LaunchScreen.storyboard */ = {
			isa = PBXVariantGroup;
			children = (
				13ED31DE1CDB13FB00C9BE5F /* Base */,
			);
			name = LaunchScreen.storyboard;
			sourceTree = "<group>";
		};
/* End PBXVariantGroup section */

/* Begin XCBuildConfiguration section */
		13ED31F71CDB13FB00C9BE5F /* Debug */ = {
			isa = XCBuildConfiguration;
			buildSettings = {
				ALWAYS_SEARCH_USER_PATHS = NO;
				CLANG_ANALYZER_NONNULL = YES;
				CLANG_CXX_LANGUAGE_STANDARD = "gnu++0x";
				CLANG_CXX_LIBRARY = "libc++";
				CLANG_ENABLE_MODULES = YES;
				CLANG_ENABLE_OBJC_ARC = YES;
				CLANG_WARN_BOOL_CONVERSION = YES;
				CLANG_WARN_CONSTANT_CONVERSION = YES;
				CLANG_WARN_DIRECT_OBJC_ISA_USAGE = YES_ERROR;
				CLANG_WARN_EMPTY_BODY = YES;
				CLANG_WARN_ENUM_CONVERSION = YES;
				CLANG_WARN_INT_CONVERSION = YES;
				CLANG_WARN_OBJC_ROOT_CLASS = YES_ERROR;
				CLANG_WARN_UNREACHABLE_CODE = YES;
				CLANG_WARN__DUPLICATE_METHOD_MATCH = YES;
				"CODE_SIGN_IDENTITY[sdk=iphoneos*]" = "iPhone Developer";
				COPY_PHASE_STRIP = NO;
				DEBUG_INFORMATION_FORMAT = dwarf;
				ENABLE_STRICT_OBJC_MSGSEND = YES;
				ENABLE_TESTABILITY = YES;
				GCC_C_LANGUAGE_STANDARD = gnu99;
				GCC_DYNAMIC_NO_PIC = NO;
				GCC_NO_COMMON_BLOCKS = YES;
				GCC_OPTIMIZATION_LEVEL = 0;
				GCC_PREPROCESSOR_DEFINITIONS = (
					"DEBUG=1",
					"$(inherited)",
				);
				GCC_WARN_64_TO_32_BIT_CONVERSION = YES;
				GCC_WARN_ABOUT_RETURN_TYPE = YES_ERROR;
				GCC_WARN_UNDECLARED_SELECTOR = YES;
				GCC_WARN_UNINITIALIZED_AUTOS = YES_AGGRESSIVE;
				GCC_WARN_UNUSED_FUNCTION = YES;
				GCC_WARN_UNUSED_VARIABLE = YES;
				IPHONEOS_DEPLOYMENT_TARGET = 9.3;
				MTL_ENABLE_DEBUG_INFO = YES;
				ONLY_ACTIVE_ARCH = YES;
				SDKROOT = iphoneos;
				SWIFT_OPTIMIZATION_LEVEL = "-Onone";
				TARGETED_DEVICE_FAMILY = "1,2";
			};
			name = Debug;
		};
		13ED31F81CDB13FB00C9BE5F /* Release */ = {
			isa = XCBuildConfiguration;
			buildSettings = {
				ALWAYS_SEARCH_USER_PATHS = NO;
				CLANG_ANALYZER_NONNULL = YES;
				CLANG_CXX_LANGUAGE_STANDARD = "gnu++0x";
				CLANG_CXX_LIBRARY = "libc++";
				CLANG_ENABLE_MODULES = YES;
				CLANG_ENABLE_OBJC_ARC = YES;
				CLANG_WARN_BOOL_CONVERSION = YES;
				CLANG_WARN_CONSTANT_CONVERSION = YES;
				CLANG_WARN_DIRECT_OBJC_ISA_USAGE = YES_ERROR;
				CLANG_WARN_EMPTY_BODY = YES;
				CLANG_WARN_ENUM_CONVERSION = YES;
				CLANG_WARN_INT_CONVERSION = YES;
				CLANG_WARN_OBJC_ROOT_CLASS = YES_ERROR;
				CLANG_WARN_UNREACHABLE_CODE = YES;
				CLANG_WARN__DUPLICATE_METHOD_MATCH = YES;
				"CODE_SIGN_IDENTITY[sdk=iphoneos*]" = "iPhone Developer";
				COPY_PHASE_STRIP = NO;
				DEBUG_INFORMATION_FORMAT = "dwarf-with-dsym";
				ENABLE_NS_ASSERTIONS = NO;
				ENABLE_STRICT_OBJC_MSGSEND = YES;
				GCC_C_LANGUAGE_STANDARD = gnu99;
				GCC_NO_COMMON_BLOCKS = YES;
				GCC_WARN_64_TO_32_BIT_CONVERSION = YES;
				GCC_WARN_ABOUT_RETURN_TYPE = YES_ERROR;
				GCC_WARN_UNDECLARED_SELECTOR = YES;
				GCC_WARN_UNINITIALIZED_AUTOS = YES_AGGRESSIVE;
				GCC_WARN_UNUSED_FUNCTION = YES;
				GCC_WARN_UNUSED_VARIABLE = YES;
				IPHONEOS_DEPLOYMENT_TARGET = 9.3;
				MTL_ENABLE_DEBUG_INFO = NO;
				SDKROOT = iphoneos;
				TARGETED_DEVICE_FAMILY = "1,2";
				VALIDATE_PRODUCT = YES;
			};
			name = Release;
		};
		13ED31FA1CDB13FB00C9BE5F /* Debug */ = {
			isa = XCBuildConfiguration;
			buildSettings = {
				ASSETCATALOG_COMPILER_APPICON_NAME = AppIcon;
				CODE_SIGN_IDENTITY = "iPhone Developer";
				"CODE_SIGN_IDENTITY[sdk=iphoneos*]" = "iPhone Developer";
				INFOPLIST_FILE = "A Trip to the Zoo/Info.plist";
				LD_RUNPATH_SEARCH_PATHS = "$(inherited) @executable_path/Frameworks";
				PRODUCT_BUNDLE_IDENTIFIER = "self.edu.A-Trip-to-the-Zoo";
				PRODUCT_NAME = "$(TARGET_NAME)";
				PROVISIONING_PROFILE = "";
			};
			name = Debug;
		};
		13ED31FB1CDB13FB00C9BE5F /* Release */ = {
			isa = XCBuildConfiguration;
			buildSettings = {
				ASSETCATALOG_COMPILER_APPICON_NAME = AppIcon;
				CODE_SIGN_IDENTITY = "iPhone Developer";
				"CODE_SIGN_IDENTITY[sdk=iphoneos*]" = "iPhone Developer";
				INFOPLIST_FILE = "A Trip to the Zoo/Info.plist";
				LD_RUNPATH_SEARCH_PATHS = "$(inherited) @executable_path/Frameworks";
				PRODUCT_BUNDLE_IDENTIFIER = "self.edu.A-Trip-to-the-Zoo";
				PRODUCT_NAME = "$(TARGET_NAME)";
				PROVISIONING_PROFILE = "";
			};
			name = Release;
		};
		13ED31FD1CDB13FB00C9BE5F /* Debug */ = {
			isa = XCBuildConfiguration;
			buildSettings = {
				BUNDLE_LOADER = "$(TEST_HOST)";
				INFOPLIST_FILE = "A Trip to the ZooTests/Info.plist";
				LD_RUNPATH_SEARCH_PATHS = "$(inherited) @executable_path/Frameworks @loader_path/Frameworks";
				PRODUCT_BUNDLE_IDENTIFIER = "self.edu.A-Trip-to-the-ZooTests";
				PRODUCT_NAME = "$(TARGET_NAME)";
				TEST_HOST = "$(BUILT_PRODUCTS_DIR)/A Trip to the Zoo.app/A Trip to the Zoo";
			};
			name = Debug;
		};
		13ED31FE1CDB13FB00C9BE5F /* Release */ = {
			isa = XCBuildConfiguration;
			buildSettings = {
				BUNDLE_LOADER = "$(TEST_HOST)";
				INFOPLIST_FILE = "A Trip to the ZooTests/Info.plist";
				LD_RUNPATH_SEARCH_PATHS = "$(inherited) @executable_path/Frameworks @loader_path/Frameworks";
				PRODUCT_BUNDLE_IDENTIFIER = "self.edu.A-Trip-to-the-ZooTests";
				PRODUCT_NAME = "$(TARGET_NAME)";
				TEST_HOST = "$(BUILT_PRODUCTS_DIR)/A Trip to the Zoo.app/A Trip to the Zoo";
			};
			name = Release;
		};
		13ED32001CDB13FB00C9BE5F /* Debug */ = {
			isa = XCBuildConfiguration;
			buildSettings = {
				INFOPLIST_FILE = "A Trip to the ZooUITests/Info.plist";
				LD_RUNPATH_SEARCH_PATHS = "$(inherited) @executable_path/Frameworks @loader_path/Frameworks";
				PRODUCT_BUNDLE_IDENTIFIER = "self.edu.A-Trip-to-the-ZooUITests";
				PRODUCT_NAME = "$(TARGET_NAME)";
				TEST_TARGET_NAME = "A Trip to the Zoo";
			};
			name = Debug;
		};
		13ED32011CDB13FB00C9BE5F /* Release */ = {
			isa = XCBuildConfiguration;
			buildSettings = {
				INFOPLIST_FILE = "A Trip to the ZooUITests/Info.plist";
				LD_RUNPATH_SEARCH_PATHS = "$(inherited) @executable_path/Frameworks @loader_path/Frameworks";
				PRODUCT_BUNDLE_IDENTIFIER = "self.edu.A-Trip-to-the-ZooUITests";
				PRODUCT_NAME = "$(TARGET_NAME)";
				TEST_TARGET_NAME = "A Trip to the Zoo";
			};
			name = Release;
		};
/* End XCBuildConfiguration section */

/* Begin XCConfigurationList section */
		13ED31C91CDB13FB00C9BE5F /* Build configuration list for PBXProject "A Trip to the Zoo" */ = {
			isa = XCConfigurationList;
			buildConfigurations = (
				13ED31F71CDB13FB00C9BE5F /* Debug */,
				13ED31F81CDB13FB00C9BE5F /* Release */,
			);
			defaultConfigurationIsVisible = 0;
			defaultConfigurationName = Release;
		};
		13ED31F91CDB13FB00C9BE5F /* Build configuration list for PBXNativeTarget "A Trip to the Zoo" */ = {
			isa = XCConfigurationList;
			buildConfigurations = (
				13ED31FA1CDB13FB00C9BE5F /* Debug */,
				13ED31FB1CDB13FB00C9BE5F /* Release */,
			);
			defaultConfigurationIsVisible = 0;
			defaultConfigurationName = Release;
		};
		13ED31FC1CDB13FB00C9BE5F /* Build configuration list for PBXNativeTarget "A Trip to the ZooTests" */ = {
			isa = XCConfigurationList;
			buildConfigurations = (
				13ED31FD1CDB13FB00C9BE5F /* Debug */,
				13ED31FE1CDB13FB00C9BE5F /* Release */,
			);
			defaultConfigurationIsVisible = 0;
			defaultConfigurationName = Release;
		};
		13ED31FF1CDB13FB00C9BE5F /* Build configuration list for PBXNativeTarget "A Trip to the ZooUITests" */ = {
			isa = XCConfigurationList;
			buildConfigurations = (
				13ED32001CDB13FB00C9BE5F /* Debug */,
				13ED32011CDB13FB00C9BE5F /* Release */,
			);
			defaultConfigurationIsVisible = 0;
			defaultConfigurationName = Release;
		};
/* End XCConfigurationList section */

/* Begin XCVersionGroup section */
		13ED31D81CDB13FB00C9BE5F /* A_Trip_to_the_Zoo.xcdatamodeld */ = {
			isa = XCVersionGroup;
			children = (
				13ED31D91CDB13FB00C9BE5F /* A_Trip_to_the_Zoo.xcdatamodel */,
			);
			currentVersion = 13ED31D91CDB13FB00C9BE5F /* A_Trip_to_the_Zoo.xcdatamodel */;
			path = A_Trip_to_the_Zoo.xcdatamodeld;
			sourceTree = "<group>";
			versionGroupType = wrapper.xcdatamodel;
		};
/* End XCVersionGroup section */
	};
	rootObject = 13ED31C61CDB13FB00C9BE5F /* Project object */;
}
